
Microsoft Visual Studio Solution File, Format Version 12.00
# Visual Studio 15
VisualStudioVersion = 15.0.28307.438
MinimumVisualStudioVersion = 10.0.40219.1
Project("{FAE04EC0-301F-11D3-BF4B-00C04F79EFBC}") = "FolderDiff", "FolderDiff\FolderDiff.csproj", "{F95DC60B-F880-4856-A5CB-958DAA8BDA37}"
EndProject
Global
	GlobalSection(SolutionConfigurationPlatforms) = preSolution
		Debug|Any CPU = Debug|Any CPU
		Release|Any CPU = Release|Any CPU
	EndGlobalSection
	GlobalSection(ProjectConfigurationPlatforms) = postSolution
		{F95DC60B-F880-4856-A5CB-958DAA8BDA37}.Debug|Any CPU.ActiveCfg = Debug|Any CPU
		{F95DC60B-F880-4856-A5CB-958DAA8BDA37}.Debug|Any CPU.Build.0 = Debug|Any CPU
		{F95DC60B-F880-4856-A5CB-958DAA8BDA37}.Release|Any CPU.ActiveCfg = Release|Any CPU
		{F95DC60B-F880-4856-A5CB-958DAA8BDA37}.Release|Any CPU.Build.0 = Release|Any CPU
	EndGlobalSection
	GlobalSection(SolutionProperties) = preSolution
		HideSolutionNode = FALSE
	EndGlobalSection
	GlobalSection(ExtensibilityGlobals) = postSolution
		SolutionGuid = {11A82F72-6A07-458E-884F-5845B2177829}
	EndGlobalSection
EndGlobal
